lockfileVersion: '9.0'

settings:
  autoInstallPeers: true
  excludeLinksFromLockfile: false

importers:

  .:
    devDependencies:
      grpc_tools_node_protoc_ts:
        specifier: ^5.3.3
        version: 5.3.3
      typescript:
        specifier: ^5.9.3
        version: 5.9.3

packages:

  google-protobuf@3.15.8:
    resolution: {integrity: sha512-2jtfdqTaSxk0cuBJBtTTWsot4WtR9RVr2rXg7x7OoqiuOKopPrwXpM1G4dXIkLcUNRh3RKzz76C8IOkksZSeOw==}

  grpc_tools_node_protoc_ts@5.3.3:
    resolution: {integrity: sha512-M/YrklvVXMtuuj9kb42PxeouZhs7Ul+R4e/31XwrankUcKL8cQQP50Q9q+KEHGyHQaPt6VtKKsxMgLaKbCxeww==}
    hasBin: true

  handlebars@4.7.7:
    resolution: {integrity: sha512-aAcXm5OAfE/8IXkcZvCepKU3VzW1/39Fb5ZuqMtgI/hT8X2YgoMvBY5dLhq/cpOvw7Lk1nK/UF71aLG/ZnVYRA==}
    engines: {node: '>=0.4.7'}
    hasBin: true

  minimist@1.2.8:
    resolution: {integrity: sha512-2yyAR8qBkN3YuheJanUpWC5U3bb5osDywNB8RzDVlDwDHbocAJveqqj1u8+SVD7jkWT4yvsHCpWqqWqAxb0zCA==}

  neo-async@2.6.2:
    resolution: {integrity: sha512-Yd3UES5mWCSqR+qNT93S3UoYUkqAZ9lLg8a7g9rimsWmYGK8cVToA4/sF3RrshdyV3sAGMXVUmpMYOw+dLpOuw==}

  source-map@0.6.1:
    resolution: {integrity: sha512-UjgapumWlbMhkBgzT7Ykc5YXUT46F0iKu8SGXq0bcwP5dz/h0Plj6enJqjz1Zbq2l5WaqYnrVbwWOWMyF3F47g==}
    engines: {node: '>=0.10.0'}

  typescript@5.9.3:
    resolution: {integrity: sha512-jl1vZzPDinLr9eUt3J/t7V6FgNEw9QjvBPdysz9KfQDD41fQrC2Y4vKQdiaUpFT4bXlb1RHhLpp8wtm6M5TgSw==}
    engines: {node: '>=14.17'}
    hasBin: true

  uglify-js@3.19.3:
    resolution: {integrity: sha512-v3Xu+yuwBXisp6QYTcH4UbH+xYJXqnq2m/LtQVWKWzYc1iehYnLixoQDN9FH6/j9/oybfd6W9Ghwkl8+UMKTKQ==}
    engines: {node: '>=0.8.0'}
    hasBin: true

  wordwrap@1.0.0:
    resolution: {integrity: sha512-gvVzJFlPycKc5dZN4yPkP8w7Dc37BtP1yczEneOb4uq34pXZcvrtRTmWV8W+Ume+XCxKgbjM+nevkyFPMybd4Q==}

snapshots:

  google-protobuf@3.15.8: {}

  grpc_tools_node_protoc_ts@5.3.3:
    dependencies:
      google-protobuf: 3.15.8
      handlebars: 4.7.7

  handlebars@4.7.7:
    dependencies:
      minimist: 1.2.8
      neo-async: 2.6.2
      source-map: 0.6.1
      wordwrap: 1.0.0
    optionalDependencies:
      uglify-js: 3.19.3

  minimist@1.2.8: {}

  neo-async@2.6.2: {}

  source-map@0.6.1: {}

  typescript@5.9.3: {}

  uglify-js@3.19.3:
    optional: true

  wordwrap@1.0.0: {}
